
Microsoft Visual Studio Solution File, Format Version 12.00
# Visual Studio 15
VisualStudioVersion = 15.0.27428.2037
MinimumVisualStudioVersion = 10.0.40219.1
Project("{FAE04EC0-301F-11D3-BF4B-00C04F79EFBC}") = "Tcp服务端", "Tcp服务端\Tcp服务端.csproj", "{81F14154-65DA-4DBA-9223-16524F844245}"
EndProject
Project("{FAE04EC0-301F-11D3-BF4B-00C04F79EFBC}") = "Tcp客户端", "Tcp客户端\Tcp客户端.csproj", "{31F6515D-23B0-4E1D-9C0E-A2FF28BA7345}"
EndProject
Global
	GlobalSection(SolutionConfigurationPlatforms) = preSolution
		Debug|Any CPU = Debug|Any CPU
		Release|Any CPU = Release|Any CPU
	EndGlobalSection
	GlobalSection(ProjectConfigurationPlatforms) = postSolution
		{81F14154-65DA-4DBA-9223-16524F844245}.Debug|Any CPU.ActiveCfg = Debug|Any CPU
		{81F14154-65DA-4DBA-9223-16524F844245}.Debug|Any CPU.Build.0 = Debug|Any CPU
		{81F14154-65DA-4DBA-9223-16524F844245}.Release|Any CPU.ActiveCfg = Release|Any CPU
		{81F14154-65DA-4DBA-9223-16524F844245}.Release|Any CPU.Build.0 = Release|Any CPU
		{31F6515D-23B0-4E1D-9C0E-A2FF28BA7345}.Debug|Any CPU.ActiveCfg = Debug|Any CPU
		{31F6515D-23B0-4E1D-9C0E-A2FF28BA7345}.Debug|Any CPU.Build.0 = Debug|Any CPU
		{31F6515D-23B0-4E1D-9C0E-A2FF28BA7345}.Release|Any CPU.ActiveCfg = Release|Any CPU
		{31F6515D-23B0-4E1D-9C0E-A2FF28BA7345}.Release|Any CPU.Build.0 = Release|Any CPU
	EndGlobalSection
	GlobalSection(SolutionProperties) = preSolution
		HideSolutionNode = FALSE
	EndGlobalSection
	GlobalSection(ExtensibilityGlobals) = postSolution
		SolutionGuid = {DF81AEC8-1531-485D-937C-1CB06C57FB97}
	EndGlobalSection
EndGlobal
