
Microsoft Visual Studio Solution File, Format Version 12.00
# Visual Studio 2017
Project("{FAE04EC0-301F-11D3-BF4B-00C04F79EFBC}") = "JungleWarsClient", "JungleWarsClient.csproj", "{F34ED4FD-84FB-E456-12FA-A7D9FAF8DAAF}"
EndProject
Project("{FAE04EC0-301F-11D3-BF4B-00C04F79EFBC}") = "JungleWarsClient.Editor", "JungleWarsClient.Editor.csproj", "{3AA82F28-2634-F90E-5A7C-A1638C70A94C}"
EndProject
Global
	GlobalSection(SolutionConfigurationPlatforms) = preSolution
		Debug|Any CPU = Debug|Any CPU
		Release|Any CPU = Release|Any CPU
	EndGlobalSection
	GlobalSection(ProjectConfigurationPlatforms) = postSolution
		{F34ED4FD-84FB-E456-12FA-A7D9FAF8DAAF}.Debug|Any CPU.ActiveCfg = Debug|Any CPU
		{F34ED4FD-84FB-E456-12FA-A7D9FAF8DAAF}.Debug|Any CPU.Build.0 = Debug|Any CPU
		{F34ED4FD-84FB-E456-12FA-A7D9FAF8DAAF}.Release|Any CPU.ActiveCfg = Release|Any CPU
		{F34ED4FD-84FB-E456-12FA-A7D9FAF8DAAF}.Release|Any CPU.Build.0 = Release|Any CPU
		{3AA82F28-2634-F90E-5A7C-A1638C70A94C}.Debug|Any CPU.ActiveCfg = Debug|Any CPU
		{3AA82F28-2634-F90E-5A7C-A1638C70A94C}.Debug|Any CPU.Build.0 = Debug|Any CPU
		{3AA82F28-2634-F90E-5A7C-A1638C70A94C}.Release|Any CPU.ActiveCfg = Release|Any CPU
		{3AA82F28-2634-F90E-5A7C-A1638C70A94C}.Release|Any CPU.Build.0 = Release|Any CPU
	EndGlobalSection
	GlobalSection(SolutionProperties) = preSolution
		HideSolutionNode = FALSE
	EndGlobalSection
EndGlobal
